
Microsoft Visual Studio Solution File, Format Version 12.00
# Visual Studio Version 17
VisualStudioVersion = 17.2.32630.192
MinimumVisualStudioVersion = 10.0.40219.1
Project("{2150E333-8FDC-42A3-9474-1A3956D46DE8}") = "ShopManagement", "ShopManagement", "{A39B3B47-9EFA-4C78-B93F-52CEA7C54020}"
EndProject
Project("{2150E333-8FDC-42A3-9474-1A3956D46DE8}") = "SM.Domain", "SM.Domain", "{81FD286A-0976-4F86-BEB7-66D1EE355061}"
EndProject
Project("{2150E333-8FDC-42A3-9474-1A3956D46DE8}") = "SM.Application", "SM.Application", "{B5CF3E06-6BE6-4C39-A49D-31283E84D7A0}"
EndProject
Project("{2150E333-8FDC-42A3-9474-1A3956D46DE8}") = "SM.Infrastructure", "SM.Infrastructure", "{8D4CA724-C476-4FDD-B77D-3B718B4FA696}"
EndProject
Project("{9A19103F-16F7-4668-BE54-9A1E7A4F7556}") = "_0_Framework", "_0_Framework\_0_Framework.csproj", "{0D3E97FD-9CA4-4EA6-9912-EE8BB07ABC9E}"
EndProject
Project("{9A19103F-16F7-4668-BE54-9A1E7A4F7556}") = "ShopManagement.Domain", "ShopManagement.Domain\ShopManagement.Domain.csproj", "{A182B66E-1135-4D86-AC4E-CB4E2DACF454}"
EndProject
Project("{9A19103F-16F7-4668-BE54-9A1E7A4F7556}") = "ShopManagement.Application.Contract", "ShopManagement.Application.Contract\ShopManagement.Application.Contract.csproj", "{44ED895C-2A8B-46E7-ABB3-9B55C423CE68}"
EndProject
Project("{9A19103F-16F7-4668-BE54-9A1E7A4F7556}") = "ShopManagement.Application", "ShopManagement.Application\ShopManagement.Application.csproj", "{2E00D8CD-F3FA-4BD1-A150-D929B8EF5255}"
EndProject
Project("{9A19103F-16F7-4668-BE54-9A1E7A4F7556}") = "ShopManagement.Infrastructure.EfCore", "ShopManagement.Infrastructure.EfCore\ShopManagement.Infrastructure.EfCore.csproj", "{AFB74CC6-9A89-4A9E-BE94-FBA2923979C7}"
EndProject
Project("{9A19103F-16F7-4668-BE54-9A1E7A4F7556}") = "ShopManagement.Infrastructure.Configure", "ShopManagement.Infrastructure.Configure\ShopManagement.Infrastructure.Configure.csproj", "{530E4D2D-3920-4B2E-8AE4-E17B5B0F3E58}"
EndProject
Project("{9A19103F-16F7-4668-BE54-9A1E7A4F7556}") = "ServiceHost", "ServiceHost\ServiceHost.csproj", "{D52F54DB-4F83-4320-88D1-9E3A3471836F}"
EndProject
Project("{2150E333-8FDC-42A3-9474-1A3956D46DE8}") = "DiscountManagement", "DiscountManagement", "{9E3C77A6-5F71-4F5B-AB2A-D2D4201FC240}"
EndProject
Project("{2150E333-8FDC-42A3-9474-1A3956D46DE8}") = "DM.Domain", "DM.Domain", "{1DC039CA-5DC2-493B-A454-4A5997B50D6B}"
EndProject
Project("{2150E333-8FDC-42A3-9474-1A3956D46DE8}") = "DM.Application", "DM.Application", "{D1F42399-565A-4C68-BCB9-3D146CA2E099}"
EndProject
Project("{2150E333-8FDC-42A3-9474-1A3956D46DE8}") = "DM.Infrastructure", "DM.Infrastructure", "{9B2CDEA5-B428-4D74-9671-B80613BE2974}"
EndProject
Project("{9A19103F-16F7-4668-BE54-9A1E7A4F7556}") = "DiscountManagement.Domain", "DiscountManagement.Domain\DiscountManagement.Domain.csproj", "{DEDDA086-F2F1-420C-A8E6-57342E21C014}"
EndProject
Project("{9A19103F-16F7-4668-BE54-9A1E7A4F7556}") = "DiscountManagement.Application.Contract", "DiscountManagement.Application.Contract\DiscountManagement.Application.Contract.csproj", "{E506577C-D3FD-4460-9D88-434F7B2E3298}"
EndProject
Project("{9A19103F-16F7-4668-BE54-9A1E7A4F7556}") = "DiscountManagement.Infrastructure.EfCore", "DiscountManagement.Infrastructure.EfCore\DiscountManagement.Infrastructure.EfCore.csproj", "{F1A22887-8478-4B1D-BF56-9E6420E19189}"
EndProject
Project("{9A19103F-16F7-4668-BE54-9A1E7A4F7556}") = "DiscountManagement.Application", "DiscountManagement.Application\DiscountManagement.Application.csproj", "{19B22C62-1523-4FDD-A984-A5053AAB824E}"
EndProject
Project("{9A19103F-16F7-4668-BE54-9A1E7A4F7556}") = "DiscountManagement.Infrastructure.Configure", "DiscountManagement.Infrastructure.Configure\DiscountManagement.Infrastructure.Configure.csproj", "{138C0AB0-F14B-4F39-A12C-2EE42049E521}"
EndProject
Project("{2150E333-8FDC-42A3-9474-1A3956D46DE8}") = "InventoryManagement", "InventoryManagement", "{2852E02F-C7F4-4E08-A3E3-9CA357FA6531}"
EndProject
Project("{2150E333-8FDC-42A3-9474-1A3956D46DE8}") = "IM.Domain", "IM.Domain", "{475CFDB9-50A6-4A87-8C30-D5213B000BC9}"
EndProject
Project("{2150E333-8FDC-42A3-9474-1A3956D46DE8}") = "IM.Application", "IM.Application", "{5A08BE32-5F63-4BCF-B1CB-A8F316BFEE44}"
EndProject
Project("{2150E333-8FDC-42A3-9474-1A3956D46DE8}") = "IM.Infrastructure", "IM.Infrastructure", "{CFB41296-1F8E-42FB-AAF3-EB7FC7A2073F}"
EndProject
Project("{9A19103F-16F7-4668-BE54-9A1E7A4F7556}") = "InventoryManagement.Domain", "InventoryManagement.Domain\InventoryManagement.Domain.csproj", "{5F9401F7-AACE-41E1-A7E0-19974B543AD8}"
EndProject
Project("{9A19103F-16F7-4668-BE54-9A1E7A4F7556}") = "InventoryManagement.Application.Contract", "InventoryManagement.Application.Contract\InventoryManagement.Application.Contract.csproj", "{9205D024-6047-4FD8-8BA2-8B877493947C}"
EndProject
Project("{9A19103F-16F7-4668-BE54-9A1E7A4F7556}") = "InventoryManagmenet.Application", "InventoryManagmenet.Application\InventoryManagmenet.Application.csproj", "{658C91DE-51EF-4FE0-ACFB-D95063D7B1D0}"
EndProject
Project("{9A19103F-16F7-4668-BE54-9A1E7A4F7556}") = "InventoryManagement.Infrastructure.EfCore", "InventoryManagement.Infrastructure.EfCore\InventoryManagement.Infrastructure.EfCore.csproj", "{E8D670A8-3638-4ABB-B132-5B56862A3DAA}"
EndProject
Project("{9A19103F-16F7-4668-BE54-9A1E7A4F7556}") = "InventoryManagement.Infrastructure.Configure", "InventoryManagement.Infrastructure.Configure\InventoryManagement.Infrastructure.Configure.csproj", "{E5DC7801-79F5-48CF-8057-DD4DA1EC9A8F}"
EndProject
Project("{2150E333-8FDC-42A3-9474-1A3956D46DE8}") = "ArticleManagement", "ArticleManagement", "{E42FAAA1-C024-4927-9688-8FF3FF34B2C9}"
EndProject
Project("{2150E333-8FDC-42A3-9474-1A3956D46DE8}") = "AM.Domain", "AM.Domain", "{BDE8257D-536D-4D61-A1F7-D1DC243122EE}"
EndProject
Project("{2150E333-8FDC-42A3-9474-1A3956D46DE8}") = "AM.Application", "AM.Application", "{0D0FF3B1-5EA8-4D27-924B-E5B37A738B05}"
EndProject
Project("{2150E333-8FDC-42A3-9474-1A3956D46DE8}") = "AM.Infrastructure", "AM.Infrastructure", "{8A126D22-02ED-400B-953A-3C8558092D8A}"
EndProject
Project("{9A19103F-16F7-4668-BE54-9A1E7A4F7556}") = "ArticleManagement.Domain", "ArticleManagement.Domain\ArticleManagement.Domain.csproj", "{23E5A3B0-D0C0-4422-95F8-E633ED297C4A}"
EndProject
Project("{9A19103F-16F7-4668-BE54-9A1E7A4F7556}") = "ArticleManagement.Application.Contract", "ArticleManagement.Application.Contract\ArticleManagement.Application.Contract.csproj", "{BE225A3F-282E-4F8B-AFA5-937FA6217223}"
EndProject
Project("{9A19103F-16F7-4668-BE54-9A1E7A4F7556}") = "ArticleManagement.Infrastructure.EfCore", "ArticleManagement.Infrastructure.EfCore\ArticleManagement.Infrastructure.EfCore.csproj", "{E3AB865C-5F01-494C-A7E3-256C17CC3A09}"
EndProject
Project("{9A19103F-16F7-4668-BE54-9A1E7A4F7556}") = "ArticleManagement.Infrastructure.Configure", "ArticleManagement.Infrastructure.Configure\ArticleManagement.Infrastructure.Configure.csproj", "{449419B1-D8AA-4308-B8D8-D05E7F9343E8}"
EndProject
Project("{9A19103F-16F7-4668-BE54-9A1E7A4F7556}") = "ArticleManagement.Application", "ArticleManagement.Application\ArticleManagement.Application.csproj", "{FF100082-54DF-45A8-BE3B-9819E8A8B786}"
EndProject
Project("{9A19103F-16F7-4668-BE54-9A1E7A4F7556}") = "_01_ShopQuery", "_01_ShopQuery\_01_ShopQuery.csproj", "{641D61C2-F334-4EE8-A159-1CF7A2A79584}"
EndProject
Project("{2150E333-8FDC-42A3-9474-1A3956D46DE8}") = "SM.Presentation", "SM.Presentation", "{FEBC17C4-1336-4A81-B23C-DD1D616AD76A}"
EndProject
Project("{9A19103F-16F7-4668-BE54-9A1E7A4F7556}") = "ShopManagement.Presentation.Api", "ShopManagement.Presentation.Api\ShopManagement.Presentation.Api.csproj", "{78098348-597D-4286-A98F-C7DDBE6EC78C}"
EndProject
Project("{2150E333-8FDC-42A3-9474-1A3956D46DE8}") = "CommentManagement", "CommentManagement", "{684EF09F-F700-46E2-9D7D-D2B92349AE78}"
EndProject
Project("{2150E333-8FDC-42A3-9474-1A3956D46DE8}") = "CM.Domain", "CM.Domain", "{942C0F73-E8C3-4284-98B8-231EDD00245D}"
EndProject
Project("{9A19103F-16F7-4668-BE54-9A1E7A4F7556}") = "CommentManagement.Domain", "CommentManagement.Domain\CommentManagement.Domain.csproj", "{9948059E-7DF4-4436-8A7A-E75F19D519AA}"
EndProject
Project("{2150E333-8FDC-42A3-9474-1A3956D46DE8}") = "CM.Application", "CM.Application", "{34E82881-3B60-41AD-985B-D504E54A83CD}"
EndProject
Project("{9A19103F-16F7-4668-BE54-9A1E7A4F7556}") = "CommentManagement.Application.Contract", "CommentManagement.Application.Contract\CommentManagement.Application.Contract.csproj", "{D2706772-D813-48D8-909A-C80F14973267}"
EndProject
Project("{9A19103F-16F7-4668-BE54-9A1E7A4F7556}") = "CommentManagement.Application", "CommentManagement.Application\CommentManagement.Application.csproj", "{0DF8EE8E-8FBB-49BA-8657-8367013BBFBF}"
EndProject
Project("{2150E333-8FDC-42A3-9474-1A3956D46DE8}") = "CM.Infrastructure", "CM.Infrastructure", "{7D6FB638-09D1-4719-9562-9F23831A04F5}"
EndProject
Project("{9A19103F-16F7-4668-BE54-9A1E7A4F7556}") = "CommentManagement.Infrstructure.EfCore", "CommentManagement.Infrstructure.EfCore\CommentManagement.Infrstructure.EfCore.csproj", "{CF3627FD-EE43-4622-803D-351F3EFAD842}"
EndProject
Project("{9A19103F-16F7-4668-BE54-9A1E7A4F7556}") = "CommentManagement.Infrastructure.Configure", "CommentManagement.Infrastructure.Configure\CommentManagement.Infrastructure.Configure.csproj", "{7660491C-6838-4317-AF5C-BE02FCC705B3}"
EndProject
Global
	GlobalSection(SolutionConfigurationPlatforms) = preSolution
		Debug|Any CPU = Debug|Any CPU
		Release|Any CPU = Release|Any CPU
	EndGlobalSection
	GlobalSection(ProjectConfigurationPlatforms) = postSolution
		{0D3E97FD-9CA4-4EA6-9912-EE8BB07ABC9E}.Debug|Any CPU.ActiveCfg = Debug|Any CPU
		{0D3E97FD-9CA4-4EA6-9912-EE8BB07ABC9E}.Debug|Any CPU.Build.0 = Debug|Any CPU
		{0D3E97FD-9CA4-4EA6-9912-EE8BB07ABC9E}.Release|Any CPU.ActiveCfg = Release|Any CPU
		{0D3E97FD-9CA4-4EA6-9912-EE8BB07ABC9E}.Release|Any CPU.Build.0 = Release|Any CPU
		{A182B66E-1135-4D86-AC4E-CB4E2DACF454}.Debug|Any CPU.ActiveCfg = Debug|Any CPU
		{A182B66E-1135-4D86-AC4E-CB4E2DACF454}.Debug|Any CPU.Build.0 = Debug|Any CPU
		{A182B66E-1135-4D86-AC4E-CB4E2DACF454}.Release|Any CPU.ActiveCfg = Release|Any CPU
		{A182B66E-1135-4D86-AC4E-CB4E2DACF454}.Release|Any CPU.Build.0 = Release|Any CPU
		{44ED895C-2A8B-46E7-ABB3-9B55C423CE68}.Debug|Any CPU.ActiveCfg = Debug|Any CPU
		{44ED895C-2A8B-46E7-ABB3-9B55C423CE68}.Debug|Any CPU.Build.0 = Debug|Any CPU
		{44ED895C-2A8B-46E7-ABB3-9B55C423CE68}.Release|Any CPU.ActiveCfg = Release|Any CPU
		{44ED895C-2A8B-46E7-ABB3-9B55C423CE68}.Release|Any CPU.Build.0 = Release|Any CPU
		{2E00D8CD-F3FA-4BD1-A150-D929B8EF5255}.Debug|Any CPU.ActiveCfg = Debug|Any CPU
		{2E00D8CD-F3FA-4BD1-A150-D929B8EF5255}.Debug|Any CPU.Build.0 = Debug|Any CPU
		{2E00D8CD-F3FA-4BD1-A150-D929B8EF5255}.Release|Any CPU.ActiveCfg = Release|Any CPU
		{2E00D8CD-F3FA-4BD1-A150-D929B8EF5255}.Release|Any CPU.Build.0 = Release|Any CPU
		{AFB74CC6-9A89-4A9E-BE94-FBA2923979C7}.Debug|Any CPU.ActiveCfg = Debug|Any CPU
		{AFB74CC6-9A89-4A9E-BE94-FBA2923979C7}.Debug|Any CPU.Build.0 = Debug|Any CPU
		{AFB74CC6-9A89-4A9E-BE94-FBA2923979C7}.Release|Any CPU.ActiveCfg = Release|Any CPU
		{AFB74CC6-9A89-4A9E-BE94-FBA2923979C7}.Release|Any CPU.Build.0 = Release|Any CPU
		{530E4D2D-3920-4B2E-8AE4-E17B5B0F3E58}.Debug|Any CPU.ActiveCfg = Debug|Any CPU
		{530E4D2D-3920-4B2E-8AE4-E17B5B0F3E58}.Debug|Any CPU.Build.0 = Debug|Any CPU
		{530E4D2D-3920-4B2E-8AE4-E17B5B0F3E58}.Release|Any CPU.ActiveCfg = Release|Any CPU
		{530E4D2D-3920-4B2E-8AE4-E17B5B0F3E58}.Release|Any CPU.Build.0 = Release|Any CPU
		{D52F54DB-4F83-4320-88D1-9E3A3471836F}.Debug|Any CPU.ActiveCfg = Debug|Any CPU
		{D52F54DB-4F83-4320-88D1-9E3A3471836F}.Debug|Any CPU.Build.0 = Debug|Any CPU
		{D52F54DB-4F83-4320-88D1-9E3A3471836F}.Release|Any CPU.ActiveCfg = Release|Any CPU
		{D52F54DB-4F83-4320-88D1-9E3A3471836F}.Release|Any CPU.Build.0 = Release|Any CPU
		{DEDDA086-F2F1-420C-A8E6-57342E21C014}.Debug|Any CPU.ActiveCfg = Debug|Any CPU
		{DEDDA086-F2F1-420C-A8E6-57342E21C014}.Debug|Any CPU.Build.0 = Debug|Any CPU
		{DEDDA086-F2F1-420C-A8E6-57342E21C014}.Release|Any CPU.ActiveCfg = Release|Any CPU
		{DEDDA086-F2F1-420C-A8E6-57342E21C014}.Release|Any CPU.Build.0 = Release|Any CPU
		{E506577C-D3FD-4460-9D88-434F7B2E3298}.Debug|Any CPU.ActiveCfg = Debug|Any CPU
		{E506577C-D3FD-4460-9D88-434F7B2E3298}.Debug|Any CPU.Build.0 = Debug|Any CPU
		{E506577C-D3FD-4460-9D88-434F7B2E3298}.Release|Any CPU.ActiveCfg = Release|Any CPU
		{E506577C-D3FD-4460-9D88-434F7B2E3298}.Release|Any CPU.Build.0 = Release|Any CPU
		{F1A22887-8478-4B1D-BF56-9E6420E19189}.Debug|Any CPU.ActiveCfg = Debug|Any CPU
		{F1A22887-8478-4B1D-BF56-9E6420E19189}.Debug|Any CPU.Build.0 = Debug|Any CPU
		{F1A22887-8478-4B1D-BF56-9E6420E19189}.Release|Any CPU.ActiveCfg = Release|Any CPU
		{F1A22887-8478-4B1D-BF56-9E6420E19189}.Release|Any CPU.Build.0 = Release|Any CPU
		{19B22C62-1523-4FDD-A984-A5053AAB824E}.Debug|Any CPU.ActiveCfg = Debug|Any CPU
		{19B22C62-1523-4FDD-A984-A5053AAB824E}.Debug|Any CPU.Build.0 = Debug|Any CPU
		{19B22C62-1523-4FDD-A984-A5053AAB824E}.Release|Any CPU.ActiveCfg = Release|Any CPU
		{19B22C62-1523-4FDD-A984-A5053AAB824E}.Release|Any CPU.Build.0 = Release|Any CPU
		{138C0AB0-F14B-4F39-A12C-2EE42049E521}.Debug|Any CPU.ActiveCfg = Debug|Any CPU
		{138C0AB0-F14B-4F39-A12C-2EE42049E521}.Debug|Any CPU.Build.0 = Debug|Any CPU
		{138C0AB0-F14B-4F39-A12C-2EE42049E521}.Release|Any CPU.ActiveCfg = Release|Any CPU
		{138C0AB0-F14B-4F39-A12C-2EE42049E521}.Release|Any CPU.Build.0 = Release|Any CPU
		{5F9401F7-AACE-41E1-A7E0-19974B543AD8}.Debug|Any CPU.ActiveCfg = Debug|Any CPU
		{5F9401F7-AACE-41E1-A7E0-19974B543AD8}.Debug|Any CPU.Build.0 = Debug|Any CPU
		{5F9401F7-AACE-41E1-A7E0-19974B543AD8}.Release|Any CPU.ActiveCfg = Release|Any CPU
		{5F9401F7-AACE-41E1-A7E0-19974B543AD8}.Release|Any CPU.Build.0 = Release|Any CPU
		{9205D024-6047-4FD8-8BA2-8B877493947C}.Debug|Any CPU.ActiveCfg = Debug|Any CPU
		{9205D024-6047-4FD8-8BA2-8B877493947C}.Debug|Any CPU.Build.0 = Debug|Any CPU
		{9205D024-6047-4FD8-8BA2-8B877493947C}.Release|Any CPU.ActiveCfg = Release|Any CPU
		{9205D024-6047-4FD8-8BA2-8B877493947C}.Release|Any CPU.Build.0 = Release|Any CPU
		{658C91DE-51EF-4FE0-ACFB-D95063D7B1D0}.Debug|Any CPU.ActiveCfg = Debug|Any CPU
		{658C91DE-51EF-4FE0-ACFB-D95063D7B1D0}.Debug|Any CPU.Build.0 = Debug|Any CPU
		{658C91DE-51EF-4FE0-ACFB-D95063D7B1D0}.Release|Any CPU.ActiveCfg = Release|Any CPU
		{658C91DE-51EF-4FE0-ACFB-D95063D7B1D0}.Release|Any CPU.Build.0 = Release|Any CPU
		{E8D670A8-3638-4ABB-B132-5B56862A3DAA}.Debug|Any CPU.ActiveCfg = Debug|Any CPU
		{E8D670A8-3638-4ABB-B132-5B56862A3DAA}.Debug|Any CPU.Build.0 = Debug|Any CPU
		{E8D670A8-3638-4ABB-B132-5B56862A3DAA}.Release|Any CPU.ActiveCfg = Release|Any CPU
		{E8D670A8-3638-4ABB-B132-5B56862A3DAA}.Release|Any CPU.Build.0 = Release|Any CPU
		{E5DC7801-79F5-48CF-8057-DD4DA1EC9A8F}.Debug|Any CPU.ActiveCfg = Debug|Any CPU
		{E5DC7801-79F5-48CF-8057-DD4DA1EC9A8F}.Debug|Any CPU.Build.0 = Debug|Any CPU
		{E5DC7801-79F5-48CF-8057-DD4DA1EC9A8F}.Release|Any CPU.ActiveCfg = Release|Any CPU
		{E5DC7801-79F5-48CF-8057-DD4DA1EC9A8F}.Release|Any CPU.Build.0 = Release|Any CPU
		{23E5A3B0-D0C0-4422-95F8-E633ED297C4A}.Debug|Any CPU.ActiveCfg = Debug|Any CPU
		{23E5A3B0-D0C0-4422-95F8-E633ED297C4A}.Debug|Any CPU.Build.0 = Debug|Any CPU
		{23E5A3B0-D0C0-4422-95F8-E633ED297C4A}.Release|Any CPU.ActiveCfg = Release|Any CPU
		{23E5A3B0-D0C0-4422-95F8-E633ED297C4A}.Release|Any CPU.Build.0 = Release|Any CPU
		{BE225A3F-282E-4F8B-AFA5-937FA6217223}.Debug|Any CPU.ActiveCfg = Debug|Any CPU
		{BE225A3F-282E-4F8B-AFA5-937FA6217223}.Debug|Any CPU.Build.0 = Debug|Any CPU
		{BE225A3F-282E-4F8B-AFA5-937FA6217223}.Release|Any CPU.ActiveCfg = Release|Any CPU
		{BE225A3F-282E-4F8B-AFA5-937FA6217223}.Release|Any CPU.Build.0 = Release|Any CPU
		{E3AB865C-5F01-494C-A7E3-256C17CC3A09}.Debug|Any CPU.ActiveCfg = Debug|Any CPU
		{E3AB865C-5F01-494C-A7E3-256C17CC3A09}.Debug|Any CPU.Build.0 = Debug|Any CPU
		{E3AB865C-5F01-494C-A7E3-256C17CC3A09}.Release|Any CPU.ActiveCfg = Release|Any CPU
		{E3AB865C-5F01-494C-A7E3-256C17CC3A09}.Release|Any CPU.Build.0 = Release|Any CPU
		{449419B1-D8AA-4308-B8D8-D05E7F9343E8}.Debug|Any CPU.ActiveCfg = Debug|Any CPU
		{449419B1-D8AA-4308-B8D8-D05E7F9343E8}.Debug|Any CPU.Build.0 = Debug|Any CPU
		{449419B1-D8AA-4308-B8D8-D05E7F9343E8}.Release|Any CPU.ActiveCfg = Release|Any CPU
		{449419B1-D8AA-4308-B8D8-D05E7F9343E8}.Release|Any CPU.Build.0 = Release|Any CPU
		{FF100082-54DF-45A8-BE3B-9819E8A8B786}.Debug|Any CPU.ActiveCfg = Debug|Any CPU
		{FF100082-54DF-45A8-BE3B-9819E8A8B786}.Debug|Any CPU.Build.0 = Debug|Any CPU
		{FF100082-54DF-45A8-BE3B-9819E8A8B786}.Release|Any CPU.ActiveCfg = Release|Any CPU
		{FF100082-54DF-45A8-BE3B-9819E8A8B786}.Release|Any CPU.Build.0 = Release|Any CPU
		{641D61C2-F334-4EE8-A159-1CF7A2A79584}.Debug|Any CPU.ActiveCfg = Debug|Any CPU
		{641D61C2-F334-4EE8-A159-1CF7A2A79584}.Debug|Any CPU.Build.0 = Debug|Any CPU
		{641D61C2-F334-4EE8-A159-1CF7A2A79584}.Release|Any CPU.ActiveCfg = Release|Any CPU
		{641D61C2-F334-4EE8-A159-1CF7A2A79584}.Release|Any CPU.Build.0 = Release|Any CPU
		{78098348-597D-4286-A98F-C7DDBE6EC78C}.Debug|Any CPU.ActiveCfg = Debug|Any CPU
		{78098348-597D-4286-A98F-C7DDBE6EC78C}.Debug|Any CPU.Build.0 = Debug|Any CPU
		{78098348-597D-4286-A98F-C7DDBE6EC78C}.Release|Any CPU.ActiveCfg = Release|Any CPU
		{78098348-597D-4286-A98F-C7DDBE6EC78C}.Release|Any CPU.Build.0 = Release|Any CPU
		{9948059E-7DF4-4436-8A7A-E75F19D519AA}.Debug|Any CPU.ActiveCfg = Debug|Any CPU
		{9948059E-7DF4-4436-8A7A-E75F19D519AA}.Debug|Any CPU.Build.0 = Debug|Any CPU
		{9948059E-7DF4-4436-8A7A-E75F19D519AA}.Release|Any CPU.ActiveCfg = Release|Any CPU
		{9948059E-7DF4-4436-8A7A-E75F19D519AA}.Release|Any CPU.Build.0 = Release|Any CPU
		{D2706772-D813-48D8-909A-C80F14973267}.Debug|Any CPU.ActiveCfg = Debug|Any CPU
		{D2706772-D813-48D8-909A-C80F14973267}.Debug|Any CPU.Build.0 = Debug|Any CPU
		{D2706772-D813-48D8-909A-C80F14973267}.Release|Any CPU.ActiveCfg = Release|Any CPU
		{D2706772-D813-48D8-909A-C80F14973267}.Release|Any CPU.Build.0 = Release|Any CPU
		{0DF8EE8E-8FBB-49BA-8657-8367013BBFBF}.Debug|Any CPU.ActiveCfg = Debug|Any CPU
		{0DF8EE8E-8FBB-49BA-8657-8367013BBFBF}.Debug|Any CPU.Build.0 = Debug|Any CPU
		{0DF8EE8E-8FBB-49BA-8657-8367013BBFBF}.Release|Any CPU.ActiveCfg = Release|Any CPU
		{0DF8EE8E-8FBB-49BA-8657-8367013BBFBF}.Release|Any CPU.Build.0 = Release|Any CPU
		{CF3627FD-EE43-4622-803D-351F3EFAD842}.Debug|Any CPU.ActiveCfg = Debug|Any CPU
		{CF3627FD-EE43-4622-803D-351F3EFAD842}.Debug|Any CPU.Build.0 = Debug|Any CPU
		{CF3627FD-EE43-4622-803D-351F3EFAD842}.Release|Any CPU.ActiveCfg = Release|Any CPU
		{CF3627FD-EE43-4622-803D-351F3EFAD842}.Release|Any CPU.Build.0 = Release|Any CPU
		{7660491C-6838-4317-AF5C-BE02FCC705B3}.Debug|Any CPU.ActiveCfg = Debug|Any CPU
		{7660491C-6838-4317-AF5C-BE02FCC705B3}.Debug|Any CPU.Build.0 = Debug|Any CPU
		{7660491C-6838-4317-AF5C-BE02FCC705B3}.Release|Any CPU.ActiveCfg = Release|Any CPU
		{7660491C-6838-4317-AF5C-BE02FCC705B3}.Release|Any CPU.Build.0 = Release|Any CPU
	EndGlobalSection
	GlobalSection(SolutionProperties) = preSolution
		HideSolutionNode = FALSE
	EndGlobalSection
	GlobalSection(NestedProjects) = preSolution
		{81FD286A-0976-4F86-BEB7-66D1EE355061} = {A39B3B47-9EFA-4C78-B93F-52CEA7C54020}
		{B5CF3E06-6BE6-4C39-A49D-31283E84D7A0} = {A39B3B47-9EFA-4C78-B93F-52CEA7C54020}
		{8D4CA724-C476-4FDD-B77D-3B718B4FA696} = {A39B3B47-9EFA-4C78-B93F-52CEA7C54020}
		{A182B66E-1135-4D86-AC4E-CB4E2DACF454} = {81FD286A-0976-4F86-BEB7-66D1EE355061}
		{44ED895C-2A8B-46E7-ABB3-9B55C423CE68} = {B5CF3E06-6BE6-4C39-A49D-31283E84D7A0}
		{2E00D8CD-F3FA-4BD1-A150-D929B8EF5255} = {B5CF3E06-6BE6-4C39-A49D-31283E84D7A0}
		{AFB74CC6-9A89-4A9E-BE94-FBA2923979C7} = {8D4CA724-C476-4FDD-B77D-3B718B4FA696}
		{530E4D2D-3920-4B2E-8AE4-E17B5B0F3E58} = {8D4CA724-C476-4FDD-B77D-3B718B4FA696}
		{1DC039CA-5DC2-493B-A454-4A5997B50D6B} = {9E3C77A6-5F71-4F5B-AB2A-D2D4201FC240}
		{D1F42399-565A-4C68-BCB9-3D146CA2E099} = {9E3C77A6-5F71-4F5B-AB2A-D2D4201FC240}
		{9B2CDEA5-B428-4D74-9671-B80613BE2974} = {9E3C77A6-5F71-4F5B-AB2A-D2D4201FC240}
		{DEDDA086-F2F1-420C-A8E6-57342E21C014} = {1DC039CA-5DC2-493B-A454-4A5997B50D6B}
		{E506577C-D3FD-4460-9D88-434F7B2E3298} = {D1F42399-565A-4C68-BCB9-3D146CA2E099}
		{F1A22887-8478-4B1D-BF56-9E6420E19189} = {9B2CDEA5-B428-4D74-9671-B80613BE2974}
		{19B22C62-1523-4FDD-A984-A5053AAB824E} = {D1F42399-565A-4C68-BCB9-3D146CA2E099}
		{138C0AB0-F14B-4F39-A12C-2EE42049E521} = {9B2CDEA5-B428-4D74-9671-B80613BE2974}
		{475CFDB9-50A6-4A87-8C30-D5213B000BC9} = {2852E02F-C7F4-4E08-A3E3-9CA357FA6531}
		{5A08BE32-5F63-4BCF-B1CB-A8F316BFEE44} = {2852E02F-C7F4-4E08-A3E3-9CA357FA6531}
		{CFB41296-1F8E-42FB-AAF3-EB7FC7A2073F} = {2852E02F-C7F4-4E08-A3E3-9CA357FA6531}
		{5F9401F7-AACE-41E1-A7E0-19974B543AD8} = {475CFDB9-50A6-4A87-8C30-D5213B000BC9}
		{9205D024-6047-4FD8-8BA2-8B877493947C} = {5A08BE32-5F63-4BCF-B1CB-A8F316BFEE44}
		{658C91DE-51EF-4FE0-ACFB-D95063D7B1D0} = {5A08BE32-5F63-4BCF-B1CB-A8F316BFEE44}
		{E8D670A8-3638-4ABB-B132-5B56862A3DAA} = {CFB41296-1F8E-42FB-AAF3-EB7FC7A2073F}
		{E5DC7801-79F5-48CF-8057-DD4DA1EC9A8F} = {CFB41296-1F8E-42FB-AAF3-EB7FC7A2073F}
		{BDE8257D-536D-4D61-A1F7-D1DC243122EE} = {E42FAAA1-C024-4927-9688-8FF3FF34B2C9}
		{0D0FF3B1-5EA8-4D27-924B-E5B37A738B05} = {E42FAAA1-C024-4927-9688-8FF3FF34B2C9}
		{8A126D22-02ED-400B-953A-3C8558092D8A} = {E42FAAA1-C024-4927-9688-8FF3FF34B2C9}
		{23E5A3B0-D0C0-4422-95F8-E633ED297C4A} = {BDE8257D-536D-4D61-A1F7-D1DC243122EE}
		{BE225A3F-282E-4F8B-AFA5-937FA6217223} = {0D0FF3B1-5EA8-4D27-924B-E5B37A738B05}
		{E3AB865C-5F01-494C-A7E3-256C17CC3A09} = {8A126D22-02ED-400B-953A-3C8558092D8A}
		{449419B1-D8AA-4308-B8D8-D05E7F9343E8} = {8A126D22-02ED-400B-953A-3C8558092D8A}
		{FF100082-54DF-45A8-BE3B-9819E8A8B786} = {0D0FF3B1-5EA8-4D27-924B-E5B37A738B05}
		{FEBC17C4-1336-4A81-B23C-DD1D616AD76A} = {A39B3B47-9EFA-4C78-B93F-52CEA7C54020}
		{78098348-597D-4286-A98F-C7DDBE6EC78C} = {FEBC17C4-1336-4A81-B23C-DD1D616AD76A}
		{942C0F73-E8C3-4284-98B8-231EDD00245D} = {684EF09F-F700-46E2-9D7D-D2B92349AE78}
		{9948059E-7DF4-4436-8A7A-E75F19D519AA} = {942C0F73-E8C3-4284-98B8-231EDD00245D}
		{34E82881-3B60-41AD-985B-D504E54A83CD} = {684EF09F-F700-46E2-9D7D-D2B92349AE78}
		{D2706772-D813-48D8-909A-C80F14973267} = {34E82881-3B60-41AD-985B-D504E54A83CD}
		{0DF8EE8E-8FBB-49BA-8657-8367013BBFBF} = {34E82881-3B60-41AD-985B-D504E54A83CD}
		{7D6FB638-09D1-4719-9562-9F23831A04F5} = {684EF09F-F700-46E2-9D7D-D2B92349AE78}
		{CF3627FD-EE43-4622-803D-351F3EFAD842} = {7D6FB638-09D1-4719-9562-9F23831A04F5}
		{7660491C-6838-4317-AF5C-BE02FCC705B3} = {7D6FB638-09D1-4719-9562-9F23831A04F5}
	EndGlobalSection
	GlobalSection(ExtensibilityGlobals) = postSolution
		SolutionGuid = {CEC11DCA-48E3-4DC4-92FE-41A2E9E21E94}
	EndGlobalSection
EndGlobal
